lockfileVersion: '9.0'

settings:
  autoInstallPeers: true
  excludeLinksFromLockfile: false

importers:

  .:
    dependencies:
      '@fontsource-variable/ibm-plex-sans':
        specifier: ^5.1.1
        version: 5.3.0
      '@fontsource/ibm-plex-mono':
        specifier: ^5.1.1
        version: 5.3.0
      lucide-react:
        specifier: ^0.468.0
        version: 0.468.0(react@19.2.8)
      react:
        specifier: ^19.1.1
        version: 19.2.8
      react-dom:
        specifier: ^19.1.1
        version: 19.2.8(react@19.2.8)
    devDependencies:
      '@types/react':
        specifier: ^19.1.9
        version: 19.2.17
      '@types/react-dom':
        specifier: ^19.1.7
        version: 19.2.3(@types/react@19.2.17)
      '@vitejs/plugin-react':
        specifier: ^4.6.0
        version: 4.7.0(vite@7.3.6)
      typescript:
        specifier: ^5.8.3
        version: 5.9.3
      vite:
        specifier: ^7.0.6
        version: 7.3.6

packages:

  '@babel/code-frame@7.29.7':
    resolution: {integrity: sha512-Aup7aUOfpbAUg2ROOJN6Iw5f9DMBlzu0mIkm/malLQFN/YQgO48wCj0Kxa3sEHJvPVFg7siR+qRInwXd2qhQKw==}
    engines: {node: '>=6.9.0'}

  '@babel/compat-data@7.29.7':
    resolution: {integrity: sha512-locTkQyKvwIEgBzVrn8693ebc97F2U8ZHjbXwDXJ5Fn2TCpNwTlKcaKLkdHop5c/icOFE7qt7Q9JC5hnKNa6Gg==}
    engines: {node: '>=6.9.0'}

  '@babel/core@7.29.7':
    resolution: {integrity: sha512-RgHBCvtjbOK2gXSNBNIkNoEc9qoVEtau3hj8gEqKQuL3HZAibKarWFEI3Lfm6EYKkLalOh8eSrj9b+ch9H/VBA==}
    engines: {node: '>=6.9.0'}

  '@babel/generator@7.29.7':
    resolution: {integrity: sha512-DkXD5OJQaAQIdZ1bt3UZdEnHAn9Imd3IVBdX03UFe+ony9Ojw5pzr9YVKGDY1jt+Gcn/FnGkNf8r+Vj5NOJWtQ==}
    engines: {node: '>=6.9.0'}

  '@babel/helper-compilation-targets@7.29.7':
    resolution: {integrity: sha512-wem6WaBj4NaVYVdNhLPPVacES6ZJ+KBBfSkTMD3YZxbP3rm3Di85tJU5ljaUNhaOynt+Aj0xruhYuzQBt8n71g==}
    engines: {node: '>=6.9.0'}

  '@babel/helper-globals@7.29.7':
    resolution: {integrity: sha512-3nQVUAtvkKH9zahfWgw96Jc/uFOmjACE1kQz82E2lqWmHBgjzbNlsC22nuQTfahmWeQtTq5nQ/4Nnd2A1wj4zA==}
    engines: {node: '>=6.9.0'}

  '@babel/helper-module-imports@7.29.7':
    resolution: {integrity: sha512-ejHwrQQYcm9xnTivShn2IDOlIzInN34AXskvq9QicvCtEzq1Vzclu/tKF8Jq1Cg8JG2GL6/EmjgsCT7lXepE3g==}
    engines: {node: '>=6.9.0'}

  '@babel/helper-module-transforms@7.29.7':
    resolution: {integrity: sha512-UPUVSyXbOh627KiCIGQSgwWzGeBKLkaJ9PJEdrngIwMSzxLR4jS4+f1f1jb7VzBbg8nFLaYotvVPFCTqdrmTAg==}
    engines: {node: '>=6.9.0'}
    peerDependencies:
      '@babel/core': ^7.0.0

  '@babel/helper-plugin-utils@7.29.7':
    resolution: {integrity: sha512-G7sHYigPY17oO5SYWnfD/0MTBwVR781S/JI643e/JhUYgVgWE/61SoW3NH9KWUKyKq5LVh3npif99Wkt6j86Jw==}
    engines: {node: '>=6.9.0'}

  '@babel/helper-string-parser@7.29.7':
    resolution: {integrity: sha512-Pb5ijPrZ89GDH8223L4UP8i6QApWxs04RbPQJTeWDV0/keR2E36MeKnyr6LYmUUvqRRI+Iv87SuF1W6ErINzYw==}
    engines: {node: '>=6.9.0'}

  '@babel/helper-validator-identifier@7.29.7':
    resolution: {integrity: sha512-qehxGkRj55h/ff8EMaJ+cYhyaKlHIxqYDn682wQD7RNp9UujOQsHog2uS0r2vzr4pW+sXf90NeeayjcNaX3fFg==}
    engines: {node: '>=6.9.0'}

  '@babel/helper-validator-option@7.29.7':
    resolution: {integrity: sha512-N9ZErrD+yW5geCDtBqnOoxmR8+tNKiGuxKlDpuJxfsqpa2dFcexaziGAE/qoHLiDDreVNMupxGmSoNlyvsA3gw==}
    engines: {node: '>=6.9.0'}

  '@babel/helpers@7.29.7':
    resolution: {integrity: sha512-1k2lAGRMfHTcwuNYcCNUmaUffmQv8KWMfh2iJUUeRlwlwH4FdNG7mfPI10NPfLHJFThE4Tyr4mv7kTNZOiPuBg==}
    engines: {node: '>=6.9.0'}

  '@babel/parser@7.29.7':
    resolution: {integrity: sha512-hnORnjP/1P/zFEndoeX+n+t1RwWRJiJpM/jO7FW32Kn9r5+sJB2JWOdYo4L6k78j15eCwY3Gm/7364B1EMwtNg==}
    engines: {node: '>=6.0.0'}
    hasBin: true

  '@babel/plugin-transform-react-jsx-self@7.29.7':
    resolution: {integrity: sha512-TL0hMc9xzy86VD31nUiwzd5otRAcyEPcsegCxolO0PvcXuH1v0kECe/UIznYFihpkvU5wg/jk4v0TTEFfm53fw==}
    engines: {node: '>=6.9.0'}
    peerDependencies:
      '@babel/core': ^7.0.0-0

  '@babel/plugin-transform-react-jsx-source@7.29.7':
    resolution: {integrity: sha512-06IyK09H3wi4cGbhDBwp5gUGo0IKtnYa8tyTiephirPCK6fbobVGiXMMI5zLQ4aKEYP3wZ3ArU44o+8KMrSG/Q==}
    engines: {node: '>=6.9.0'}
    peerDependencies:
      '@babel/core': ^7.0.0-0

  '@babel/template@7.29.7':
    resolution: {integrity: sha512-puq+Gf35oI24FeN11LkoUQFqv9uwNeWpxXZi/Ji3rRIoKAzKnxRaZ+Gkj0vKS9ZCiTESfng1N9LyOyXvo+m+Gg==}
    engines: {node: '>=6.9.0'}

  '@babel/traverse@7.29.7':
    resolution: {integrity: sha512-EhlfNQtZ+NK22w5BM61ciuiq1m58ed33Wr1Xan//ZRTy6hgjnwyCffRYwzsGXdASJSUJ1guZILsErh1eQcl+zw==}
    engines: {node: '>=6.9.0'}

  '@babel/types@7.29.7':
    resolution: {integrity: sha512-4zBIxpPzowiZpusoFkyGVwakdRJUyuH5PxQ/PrqghfdFWWasvnCdPfQXHrenDai+gyLARulZjZowCOj6fjT4pA==}
    engines: {node: '>=6.9.0'}

  '@esbuild/aix-ppc64@0.28.1':
    resolution: {integrity: sha512-Svl7tq8k/08+p6CXPpRjQ1fKX+1odH/BQbb48fV6fj3CWHhsoIOoY87w1oHXm0qEpkIK3ZfVgp0hed3XBXzXMQ==}
    engines: {node: '>=18'}
    cpu: [ppc64]
    os: [aix]

  '@esbuild/android-arm64@0.28.1':
    resolution: {integrity: sha512-34EGEbCIAgosYz6goLcopX6Mo7NyGv9tfwEM2/7Ce2VcVRk568iSvniGWcUXIy7wEDR1wzolcxcriFVrWYcwBg==}
    engines: {node: '>=18'}
    cpu: [arm64]
    os: [android]

  '@esbuild/android-arm@0.28.1':
    resolution: {integrity: sha512-0k2F129Xdio1TdJfzJ8sy1Q47vUD2NnwdhiAf7drUN1EBTfPf4hsFCtmMgu/6m8JSzsBrlmVjudMBQqOfG8usQ==}
    engines: {node: '>=18'}
    cpu: [arm]
    os: [android]

  '@esbuild/android-x64@0.28.1':
    resolution: {integrity: sha512-dbwY7ltSMDWsRatcRpCnES4F+im88OCUgGZjy52shC7GqHRE/cYlxNbB4Z4UpJswpcc4Qxd2oE/ufM0p61IKng==}
    engines: {node: '>=18'}
    cpu: [x64]
    os: [android]

  '@esbuild/darwin-arm64@0.28.1':
    resolution: {integrity: sha512-TZbWkQY7kvTAXbXUT7uVACR5cMHsDiSz9z7ZKAX/RTq/WJEk3QyRr0wZpNhBDX+/0CtdqUIJlOiodQcta6tY3Q==}
    engines: {node: '>=18'}
    cpu: [arm64]
    os: [darwin]

  '@esbuild/darwin-x64@0.28.1':
    resolution: {integrity: sha512-zfdzgK9ACBNZLI/CyHTOx81SyNbM6YXn7rxSgX97VjyiPl9W1i4Ka4fgKECEoFCKGpvBj5qArWIGgQjOwkgskQ==}
    engines: {node: '>=18'}
    cpu: [x64]
    os: [darwin]

  '@esbuild/freebsd-arm64@0.28.1':
    resolution: {integrity: sha512-wG2EA8ENdEI0qhkSZMjfqrdY+ziCYCPMmtZjjIwOmXFjmyzEHn+UUxk5of+SYsjtfs3VpnlC7QLzSI5hY/rOAw==}
    engines: {node: '>=18'}
    cpu: [arm64]
    os: [freebsd]

  '@esbuild/freebsd-x64@0.28.1':
    resolution: {integrity: sha512-i7dZ9vQgnvSCzi/rYCXNgtF/U+eKZNJBzu3eTQbRgHnM7tNSizLOkRFAl3qzVc/Op/u5YkHHa4pf/3DOYHthLQ==}
    engines: {node: '>=18'}
    cpu: [x64]
    os: [freebsd]

  '@esbuild/linux-arm64@0.28.1':
    resolution: {integrity: sha512-yHs+0uc8+nvEAfAfxrWQKK5peSNzBc4PegcMO0EJ2hT71uA7vB8Ihg2e77R2P7SG5uYjPbHlLLmve4LLLRCf0g==}
    engines: {node: '>=18'}
    cpu: [arm64]
    os: [linux]

  '@esbuild/linux-arm@0.28.1':
    resolution: {integrity: sha512-qVXBOHQS+d5Y722GwJzJUtOLlX7km3CraOaGormF1pDtPd2C/l1SHRPgjLunLGe51Sh5YYWKMFDyV4SxgMQYTQ==}
    engines: {node: '>=18'}
    cpu: [arm]
    os: [linux]

  '@esbuild/linux-ia32@0.28.1':
    resolution: {integrity: sha512-d1z4ZuP0ajrfz/FhGT4vv278rX8KnPPJx8i5+AtK7TYbx9Le9F1hyzurZpkEyjkGa9dUGhQow4C1NmeGvqxN2w==}
    engines: {node: '>=18'}
    cpu: [ia32]
    os: [linux]

  '@esbuild/linux-loong64@0.28.1':
    resolution: {integrity: sha512-M5sRjUVZrkm1OAPR3dlOYzNmN+loZKGVi1VUQGrwuqLcbR6qeAz+famMhjASeH3YVKvZz+zT1jlh/keC3Rj/lg==}
    engines: {node: '>=18'}
    cpu: [loong64]
    os: [linux]

  '@esbuild/linux-mips64el@0.28.1':
    resolution: {integrity: sha512-mRObBZeHh2OxcBFPWE/FjylkRgZdYuiTR3vaTozquCGOH14iP9oN4x4Ge81CoIDYQrXmIxpFumJBu5MtZpnQJQ==}
    engines: {node: '>=18'}
    cpu: [mips64el]
    os: [linux]

  '@esbuild/linux-ppc64@0.28.1':
    resolution: {integrity: sha512-slScBsMAb3GFDcdrCgLwZtPYRoH2H/youv10QiZyRjmsP48fznoveWytSgCI/R0ZcUgpc0ZhIUEx6LHts8yrfQ==}
    engines: {node: '>=18'}
    cpu: [ppc64]
    os: [linux]

  '@esbuild/linux-riscv64@0.28.1':
    resolution: {integrity: sha512-kw0owk1o0GFETUJyW0jc0G4Yzs0BHZn0JDZ8JRT088vjJYX777BAs1fDGxAC+q831qOs2DTC96mNsG2opdfyyQ==}
    engines: {node: '>=18'}
    cpu: [riscv64]
    os: [linux]

  '@esbuild/linux-s390x@0.28.1':
    resolution: {integrity: sha512-/lAIjX8aYFRByhh6L5rYtPEDRqa9de/4V/juOXcta5frjvzXO4/sqEtyytse0g3zZFuWu5cDN0MkLz2qRDD2Ag==}
    engines: {node: '>=18'}
    cpu: [s390x]
    os: [linux]

  '@esbuild/linux-x64@0.28.1':
    resolution: {integrity: sha512-u/anNYF2mmVOEDwLtnQ1wOr3EZ9sTNGLWrsYGYwHWzGA3Si84IOkHXlbWTD1NB+9/1lcnweYKO54uhxZydNzfA==}
    engines: {node: '>=18'}
    cpu: [x64]
    os: [linux]

  '@esbuild/netbsd-arm64@0.28.1':
    resolution: {integrity: sha512-oks0DYbLwWMmaakTsCb+zL4E+aHRVLom9IJZOAthMQEPiQmydXHkziYEsGYRx0uNV/IjEKGAV941JzH02pflqw==}
    engines: {node: '>=18'}
    cpu: [arm64]
    os: [netbsd]

  '@esbuild/netbsd-x64@0.28.1':
    resolution: {integrity: sha512-aeL6lAnN89Hz43Mlh1G8ARasbuoYvSITDEx0tHh5b7jJnHcssqgjy9Yx430GDpmCa6OyrKoS0aNRjKundRizGg==}
    engines: {node: '>=18'}
    cpu: [x64]
    os: [netbsd]

  '@esbuild/openbsd-arm64@0.28.1':
    resolution: {integrity: sha512-MEFJe5C3R8pwXdZ5Y21oo6m7ePiS0d9pWucn99O/wvyJZChoIQKrQDxKrGeW8F5+T0okTHesAmDeiHDTIq0V/Q==}
    engines: {node: '>=18'}
    cpu: [arm64]
    os: [openbsd]

  '@esbuild/openbsd-x64@0.28.1':
    resolution: {integrity: sha512-i/ZLIOafE0Z8cI/XANJAixoJL/uRAoS2xOA3rb0xN+KK0K177cMAsQYkzHtBrtMXAKuAc7HGgcWiZ/sRC1Nxgw==}
    engines: {node: '>=18'}
    cpu: [x64]
    os: [openbsd]

  '@esbuild/openharmony-arm64@0.28.1':
    resolution: {integrity: sha512-ge+Z7EXFNt2BO1oAMsVpiQ8EwndV9i1xXerAeTIK7AtPs3bKFXQM7nlRxDSIUIMeueR1CNXxqztLzdNeReKBJg==}
    engines: {node: '>=18'}
    cpu: [arm64]
    os: [openharmony]

  '@esbuild/sunos-x64@0.28.1':
    resolution: {integrity: sha512-BEjgtECkL3vY+SaSQ6nzVfiALUeFxpawyp8Jmf5PtYhf1Ug40N1h/hxlhts+f1FvSvarEigdxS3BlSMI2PJLcQ==}
    engines: {node: '>=18'}
    cpu: [x64]
    os: [sunos]

  '@esbuild/win32-arm64@0.28.1':
    resolution: {integrity: sha512-lCv9eK/H6ZJWbE7bh2nw54CZ9M2nupBxJcTsdk/QQnWkdSjKGuxmmH8/GWrlT1eMmZfn4dGcCjRte397WqfQXA==}
    engines: {node: '>=18'}
    cpu: [arm64]
    os: [win32]

  '@esbuild/win32-ia32@0.28.1':
    resolution: {integrity: sha512-zvb/mB2bSCoJOpoCBgYKKpX6YM6mJBlBUVUtVj41DlZJVEB6/0CKlRYxP5wWl1C1ILiCoAU5wZZ4q1P3qeS6Eg==}
    engines: {node: '>=18'}
    cpu: [ia32]
    os: [win32]

  '@esbuild/win32-x64@0.28.1':
    resolution: {integrity: sha512-bm4Mowrv+GXMlpWX++EcXw/iLyd1o3+bJkC2DkWXYVvgZCqD/bSj9ctZeAMC3cIxgjRVR2Dufaiu4YPxr5gW1A==}
    engines: {node: '>=18'}
    cpu: [x64]
    os: [win32]

  '@fontsource-variable/ibm-plex-sans@5.3.0':
    resolution: {integrity: sha512-agG8tXFEo0hD9+J7npa4vbbWult52eMLVaQ6WQRlhs/iCAojrMAoejru85W9HTVXHfyUj96KM7gp/KGAS87XaQ==}

  '@fontsource/ibm-plex-mono@5.3.0':
    resolution: {integrity: sha512-eTgnZjZEGk1QtD3ZstF+Vclo2HLAni8YMy34/DxllwZvyz1lR/1RF/xTiAquOBO7MvqBx8D2Ig2WCPMVfdZu7Q==}

  '@jridgewell/gen-mapping@0.3.13':
    resolution: {integrity: sha512-2kkt/7niJ6MgEPxF0bYdQ6etZaA+fQvDcLKckhy1yIQOzaoKjBBjSj63/aLVjYE3qhRt5dvM+uUyfCg6UKCBbA==}

  '@jridgewell/remapping@2.3.5':
    resolution: {integrity: sha512-LI9u/+laYG4Ds1TDKSJW2YPrIlcVYOwi2fUC6xB43lueCjgxV4lffOCZCtYFiH6TNOX+tQKXx97T4IKHbhyHEQ==}

  '@jridgewell/resolve-uri@3.1.2':
    resolution: {integrity: sha512-bRISgCIjP20/tbWSPWMEi54QVPRZExkuD9lJL+UIxUKtwVJA8wW1Trb1jMs1RFXo1CBTNZ/5hpC9QvmKWdopKw==}
    engines: {node: '>=6.0.0'}

  '@jridgewell/sourcemap-codec@1.5.5':
    resolution: {integrity: sha512-cYQ9310grqxueWbl+WuIUIaiUaDcj7WOq5fVhEljNVgRfOUhY9fy2zTvfoqWsnebh8Sl70VScFbICvJnLKB0Og==}

  '@jridgewell/trace-mapping@0.3.31':
    resolution: {integrity: sha512-zzNR+SdQSDJzc8joaeP8QQoCQr8NuYx2dIIytl1QeBEZHJ9uW6hebsrYgbz8hJwUQao3TWCMtmfV8Nu1twOLAw==}

  '@rolldown/pluginutils@1.0.0-beta.27':
    resolution: {integrity: sha512-+d0F4MKMCbeVUJwG96uQ4SgAznZNSq93I3V+9NHA4OpvqG8mRCpGdKmK8l/dl02h2CCDHwW2FqilnTyDcAnqjA==}

  '@rollup/rollup-android-arm-eabi@4.62.2':
    resolution: {integrity: sha512-6o7ZLZK+BeenkZCFNDXqpbjw9bD6nuWonvS/lwQJp7NoVVxm6p3qE7qQ5jGuBjiFsgvqjD8mZAU5oWxTmbOeOg==}
    cpu: [arm]
    os: [android]

  '@rollup/rollup-android-arm64@4.62.2':
    resolution: {integrity: sha512-BaH7BllCACHoH1LguOU56UItGfUWjujlO65kS9LAodViaN4bwIKd7oeW/ZHJ/4ljr/7MIiENnNy3HJ0zXv8Zkw==}
    cpu: [arm64]
    os: [android]

  '@rollup/rollup-darwin-arm64@4.62.2':
    resolution: {integrity: sha512-v39RCCvj4He82I9sFmk+M1VZ0PLM9sfsLVikjfx2hYBNALhrrOR2D3JjQA6AhlaSOgcR+RzrKY7e1+bT6SUO/A==}
    cpu: [arm64]
    os: [darwin]

  '@rollup/rollup-darwin-x64@4.62.2':
    resolution: {integrity: sha512-yl0y2vq3S3lHeuXhEdss6TWfKW8vkujImO12tn4ZkG/4oghr09LvdYm2RElVjokTQiUvDUGXLGsYeLqUMCKpGA==}
    cpu: [x64]
    os: [darwin]

  '@rollup/rollup-freebsd-arm64@4.62.2':
    resolution: {integrity: sha512-tT4pvt4qXD+vEoezupCWi+a1F0vvDiksiHc+PxRlYTOH1I6/X4id9jPxTP+Fg+545euaFT1jJVs4CEdHZAU1vw==}
    cpu: [arm64]
    os: [freebsd]

  '@rollup/rollup-freebsd-x64@4.62.2':
    resolution: {integrity: sha512-6nU5F2wCW+qvCBhTn1pdIU3bzsIoF7EUwsCDRxilWGprQR6yd508YnH9+OKFCwpfS8pjZqDUmnCAr7exax0XCg==}
    cpu: [x64]
    os: [freebsd]

  '@rollup/rollup-linux-arm-gnueabihf@4.62.2':
    resolution: {integrity: sha512-n1GJHPOvpIfhi3TmrCeh6S6URt9BFCt0KQE3qvexyGCTAKpR4Lg+eWvNZEqu7epxwus/8ElT3hacYEucm49SZg==}
    cpu: [arm]
    os: [linux]
    libc: [glibc]

  '@rollup/rollup-linux-arm-musleabihf@4.62.2':
    resolution: {integrity: sha512-JqgflS8wEB+UXV/vS1RpRbifGBeN4D5lz8D8oOFbFZw4vedvdOgCFAjfBmIMdW3yL10XpQQ0Ambepw6MXrhOnA==}
    cpu: [arm]
    os: [linux]
    libc: [musl]

  '@rollup/rollup-linux-arm64-gnu@4.62.2':
    resolution: {integrity: sha512-wnFJkogWvN4jm/hQRF2UBaeUmk20j5+DmHvoyWii2b8HJDyvz1MF2OU/6ynXt2KR63rbZLWkFpoytpdc/yBuSA==}
    cpu: [arm64]
    os: [linux]
    libc: [glibc]

  '@rollup/rollup-linux-arm64-musl@4.62.2':
    resolution: {integrity: sha512-HVu2bp0zhvJ8xHEV9+UUs7S90VadmBSY3LcIMvozbPo4AuMGDWlz3ymHLHZPX4hR67TKTt8Qp5PJ5RBg/i+RMQ==}
    cpu: [arm64]
    os: [linux]
    libc: [musl]

  '@rollup/rollup-linux-loong64-gnu@4.62.2':
    resolution: {integrity: sha512-mQqqAV8QaoSgr9I2fKDLY2BAVvmKjWoGiu/cSYQonsLvtqwEn1E4QYfnCOcp5zoEqNhsDYin1s6jx/VJmrxlZg==}
    cpu: [loong64]
    os: [linux]
    libc: [glibc]

  '@rollup/rollup-linux-loong64-musl@4.62.2':
    resolution: {integrity: sha512-IxKLoxCQ2IWi6bT2akyDUBGsOImDKB+sPp4EsTmwFQ/fMwpCKm8uLSSgP/Kx/QYUgKis6SEZ5/Nlhup0DIA0PQ==}
    cpu: [loong64]
    os: [linux]
    libc: [musl]

  '@rollup/rollup-linux-ppc64-gnu@4.62.2':
    resolution: {integrity: sha512-Mk5ha2RQSgyFfmYYLkBpPnUk8D8FriBxesO1u9O75X0mHgXL1UQcH5Itl2lurWL2tj0RxV9b9tJgipac0hRY9A==}
    cpu: [ppc64]
    os: [linux]
    libc: [glibc]

  '@rollup/rollup-linux-ppc64-musl@4.62.2':
    resolution: {integrity: sha512-CjvEnqJL/0/TQ3TXX3OPIJ/kmBellrWd4heXUmHeJlTnmwjKpSJzoehLaL6Xk0ZnMHBu9dZuFADNOrtjF4v+2w==}
    cpu: [ppc64]
    os: [linux]
    libc: [musl]

  '@rollup/rollup-linux-riscv64-gnu@4.62.2':
    resolution: {integrity: sha512-1SiZbzwdkaDURsew/tSOrooKiYy7EQGT6m8ufavAi9NEyQb/6VuIxFXAL1fqa4iZeÛù¶‰ËkºwµçU9©$Å¹PÕáI…­•åLå1˜á±%ÑØÌÑ-­…¥˜­Y å­‘Õå™e	¥Á ÄÈÈÜÑáÑ•¹%AhÄÄä½Hå	‘Q	„áİM Áôõô(€€€•¹¥¹•Ìèí¹½‘”è€œøôÄÈô((€Á½ÍÑÍÍ à¸Ô¸ÈÈè(€€€É•Í½±ÕÑ¥½¸èí¥¹Ñ•É¥ÑäèÍ¡„ÔÄÈµ-	%Á1ÉÙÁØÄÙÁÀÍ,ÁÜ­U½i™½Á©©•¬ÁÑ½……Q¡™ÜÑ­-1ÉœØÀÍeÙ=])åœÌ­]eÑåÄÍáeÍE]Í%åi±AÅDôõô(€€€•¹¥¹•Ìèí¹½‘”èxÄÀñğxÄÈñğ€øôÄÑô((€É•…Ğµ‘½µ Ää¸È¸àè(€€€É•Í½±ÕÑ¥½¸èí¥¹Ñ•É¥ÑäèÍ¡„ÔÄÈµÉYÁÉ¥µ™	ÍH­QÄÁ%EÉPÕAá-Ñ Å]%µ¨ÕåAµ±éÈÑe	”İÕå­ÔÑ½YÅQaiM!aIÑQ)MM•AåE5	±Dôõô(€€€Á••É•Á•¹‘•¹¥•Ìè(€€€€€É•…ĞèxÄä¸È¸à((€É•…ĞµÉ•™É•Í¡ À¸ÄÜ¸Àè(€€€É•Í½±ÕÑ¥½¸èí¥¹Ñ•É¥ÑäèÍ¡„ÔÄÈµèÙİ,å‰XàÕ™Í•IÀÉ‰éÉÁåDÁ­ÜÅÕ1½•°åa	Y]Aœ½Q©I¨äÑM­)éUQ™=„Ñ‰Ìİ¥)Ù	]ÑEÁ]Äİİ¹$ÁÍåÜÍ	Dôõô(€€€•¹¥¹•Ìèí¹½‘”è€œøôÀ¸ÄÀ¸Àô((€É•…Ñ Ää¸È¸àè(€€€É•Í½±ÕÑ¥½¸èí¥¹Ñ•É¥ÑäèÍ¡„ÔÄÈµA]…eÅ0½ÄåÔÉÔİáeE¤­dÍ0Íe™¹¥”İaå1•…)%XÅ5Ù1ÁÉÍ	áÅ©eåÈÁ•dÍÀ­E‘Í­à½%É­ĞÑE¥˜áØÌ­M‰Üôõô(€€€•¹¥¹•Ìèí¹½‘”è€œøôÀ¸ÄÀ¸Àô((€É½±±ÕÁ Ğ¸ØÈ¸Èè(€€€É•Í½±ÕÑ¥½¸èí¥¹Ñ•É¥ÑäèÍ¡„ÔÄÈµI¹É\Ñ±¡aÍÌÍ•Å!iÙ8ØÔÑœá=Q©éI™ÅÁ%I)eéÙ!éÁ¡­Y¤½E ÑÑ‰AU‰IÕ¤İÌÅ1±Øáœ½9ÍÁ1­ÑÑdÍQôõô(€€€•¹¥¹•Ìèí¹½‘”è€œøôÄà¸À¸Àœ°¹Á´è€œøôà¸À¸Àô(€€€¡…Í	¥¸èÑÉÕ”((€Í¡•‘Õ±•É À¸ÈÜ¸Àè(€€€É•Í½±ÕÑ¥½¸èí¥¹Ñ•É¥ÑäèÍ¡„ÔÄÈµ•9Ø­]ÉY‰-ÔÅ˜ÍÙ‰e)P½áÑ¥ÕÍåÕ!A%5Ñ˜å%d½¹-œÁÍ]ÅéUÙÅd½á´İ=iŒ½Å…™1à½¥<å=µ•MÀÑØÕÑ¤½Dôõô((€Í•µÙ•É Ø¸Ì¸Äè(€€€É•Í½±ÕÑ¥½¸èí¥¹Ñ•É¥ÑäèÍ¡„ÔÄÈµ	HİYÙY!<­ÄÉá	]Í­áLÙ)ÅÅI¹ˆİáéUÉ½ˆÜÅ]½M™¥	áeÍ¥­-°ÁµµÄ½5ÁÉååÉI­åÉEáQ<Ùa©5éôõô(€€€¡…Í	¥¸èÑÉÕ”((€Í½ÕÉ”µµ…Àµ©Í Ä¸È¸Äè(€€€É•Í½±ÕÑ¥½¸èí¥¹Ñ•É¥ÑäèÍ¡„ÔÄÈµUa]5-¡1=İY-ˆÜÈá%UÑEAaá™eT­ÕÍ‘å‰ÑUÉ,¼áÕáE5ÙÉ¡=ÁİÙé	İ¨ÁE¡M0İ5EŒİÙ%Í%M	áYDà­%EáÁ™Eôõô(€€€•¹¥¹•Ìèí¹½‘”è€œøôÀ¸ÄÀ¸Àô((€Ñ¥¹å±½‰‰å À¸È¸ÄÜè(€€€É•Í½±ÕÑ¥½¸èí¥¹Ñ•É¥ÑäèÍ¡„ÔÄÈµİaH½‘eÁÅ-µ™]Á‘i©¥-)=İ9¹‘Á5¹É\½e©YÑÑ­	™Y1!½9É±¨Ğİµ©=Y¥Œååå9ÔØÕ…±ÍÑ9EåQ„Éœôõô(€€€•¹¥¹•Ìèí¹½‘”è€œøôÄÈ¸À¸Àô((€ÑåÁ•ÍÉ¥ÁÑ Ô¸ä¸Ìè(€€€É•Í½±ÕÑ¥½¸èí¥¹Ñ•É¥ÑäèÍ¡„ÔÄÈµ©°ÅÙiéA¥¹1Èå•UĞÍ(½ĞİXÙ9ÜåE©Ù	A‘åÍèå-™EĞÅ™EÉÉdÑÙ-E‘¥…UÁPÑ‰a±ˆÅI!¡1ÁÀáİÑ´Ù4ÕQMÜôõô(€€€•¹¥¹•Ìèí¹½‘”è€œøôÄĞ¸ÄÜô(€€€¡…Í	¥¸èÑÉÕ”((€ÕÁ‘…Ñ”µ‰É½İÍ•ÉÍ±¥ÍĞµ‘‰ Ä¸È¸Ìè(€€€É•Í½±ÕÑ¥½¸èí¥¹Ñ•É¥ÑäèÍ¡„ÔÄÈµ)ÌÁ´åà­Å=á¼Á•5¥Õ•]éÑè­Ğ­4ÍÉ±µ-AP­PÑ%L½©@Ñå±ÜÍ9İÁÔÙÁQQ@áHÅ5Å­ÑY‰‘1ĞÍI˜ÈÀåÜôõô(€€€¡…Í	¥¸èÑÉÕ”(€€€Á••É•Á•¹‘•¹¥•Ìè(€€€€€‰É½İÍ•ÉÍ±¥ÍĞè€œøô€Ğ¸ÈÄ¸Àœ((€Ù¥Ñ• Ü¸Ì¸Øè(€€€É•Í½±ÕÑ¥½¸èí¥¹Ñ•É¥ÑäèÍ¡„ÔÄÈ´Ña@ØÁÍÁI©Mi˜ÅÅe ­‘)%­,Éé¹0ÍéE™°å-­=Xå5­­IH¼Í±ÌÁ‘á…	ÍEAQ±½ŒÕ	1a]A0åÙÍ=á½Ááå-½5µÕ•œôõô(€€€•¹¥¹•Ìèí¹½‘”èxÈÀ¸Ää¸Àñğ€øôÈÈ¸ÄÈ¸Áô(€€€¡…Í	¥¸èÑÉÕ”(€€€Á••É•Á•¹‘•¹¥•Ìè(€€€€€€ÑåÁ•Ì½¹½‘”œèxÈÀ¸Ää¸Àñğ€øôÈÈ¸ÄÈ¸À(€€€€€©¥Ñ¤è€œøôÄ¸ÈÄ¸Àœ(€€€€€±•ÍÌèxĞ¸À¸À(€€€€€±¥¡Ñ¹¥¹ÍÌèxÄ¸ÈÄ¸À(€€€€€Í…ÍÌèxÄ¸ÜÀ¸À(€€€€€Í…ÍÌµ•µ‰•‘‘•èxÄ¸ÜÀ¸À(€€€€€ÍÑå±ÕÌè€œøôÀ¸ÔĞ¸àœ(€€€€€ÍÕ…ÉÍÌèxÔ¸À¸À(€€€€€Ñ•ÉÍ•ÈèxÔ¸ÄØ¸À(€€€€€ÑÍàèxĞ¸à¸Ä(€€€€€å…µ°èxÈ¸Ğ¸È(€€€Á••É•Á•¹‘•¹¥•Í5•Ñ„è(€€€€€€ÑåÁ•Ì½¹½‘”œè(€€€€€€€½ÁÑ¥½¹…°èÑÉÕ”(€€€€€©¥Ñ¤è(€€€€€€€½ÁÑ¥½¹…°èÑÉÕ”(€€€€€±•ÍÌè(€€€€€€€½ÁÑ¥½¹…°èÑÉÕ”(€€€€€±¥¡Ñ¹¥¹ÍÌè(€€€€€€€½ÁÑ¥½¹…°èÑÉÕ”(€€€€€Í…ÍÌè(€€€€€€€½ÁÑ¥½¹…°èÑÉÕ”(€€€€€Í…ÍÌµ•µ‰•‘‘•è(€€€€€€€½ÁÑ¥½¹…°èÑÉÕ”(€€€€€ÍÑå±ÕÌè(€€€€€€€½ÁÑ¥½¹…°èÑÉÕ”(€€€€€ÍÕ…ÉÍÌè(€€€€€€€½ÁÑ¥½¹…°èÑÉÕ”(€€€€€Ñ•ÉÍ•Èè(€€€€€€€½ÁÑ¥½¹…°èÑÉÕ”(€€€€€ÑÍàè(€€€€€€€½ÁÑ¥½¹…°èÑÉÕ”(€€€€€å…µ°è(€€€€€€€½ÁÑ¥½¹…°èÑÉÕ”((€å…±±¥ÍÑ Ì¸Ä¸Äè(€€€É•Í½±ÕÑ¥½¸èí¥¹Ñ•É¥ÑäèÍ¡„ÔÄÈµ„ÑUE…]A Ôåµ=aUe¹É•İ¹ELÑ¤ÑĞÍQØÍ)½4­ÌÉYµLå9Í,áÁ51É!A­ÍPİ Í,ÙQ=½U9¸ÉÁˆİI½aàÑœôõô()Í¹…ÁÍ¡½ÑÌè((€€‰…‰•°½½‘”µ™É…µ• Ü¸Èä¸Üœè(€€€‘•Á•¹‘•¹¥•Ìè(€€€€€€‰…‰•°½¡•±Á•ÈµÙ…±¥‘…Ñ½Èµ¥‘•¹Ñ¥™¥•Èœè€Ü¸Èä¸Ü(€€€€€©ÌµÑ½­•¹Ìè€Ğ¸À¸À(€€€€€Á¥½½±½ÉÌè€Ä¸Ä¸Ä((€€‰…‰•°½½µÁ…Ğµ‘…Ñ… Ü¸Èä¸Üœèíô((€€‰…‰•°½½É• Ü¸Èä¸Üœè(€€€‘•Á•¹‘•¹¥•Ìè(€€€€€€‰…‰•°½½‘”µ™É…µ”œè€Ü¸Èä¸Ü(€€€€€€‰…‰•°½•¹•É…Ñ½Èœè€Ü¸Èä¸Ü(€€€€€€‰…‰•°½¡•±Á•Èµ½µÁ¥±…Ñ¥½¸µÑ…É•ÑÌœè€Ü¸Èä¸Ü(€€€€€€‰…‰•°½¡•±Á•Èµµ½‘Õ±”µÑÉ…¹Í™½ÉµÌœè€Ü¸Èä¸Ü¡‰…‰•°½½É• Ü¸Èä¸Ü¤(€€€€€€‰…‰•°½¡•±Á•ÉÌœè€Ü¸Èä¸Ü(€€€€€€‰…‰•°½Á…ÉÍ•Èœè€Ü¸Èä¸Ü(€€€€€€‰…‰•°½Ñ•µÁ±…Ñ”œè€Ü¸Èä¸Ü(€€€€€€‰…‰•°½ÑÉ…Ù•ÉÍ”œè€Ü¸Èä¸Ü(€€€€€€‰…‰•°½ÑåÁ•Ìœè€Ü¸Èä¸Ü(€€€€€€©É¥‘•İ•±°½É•µ…ÁÁ¥¹œœè€È¸Ì¸Ô(€€€€€½¹Ù•ÉĞµÍ½ÕÉ”µµ…Àè€È¸À¸À(€€€€€‘•‰Õœè€Ğ¸Ğ¸Ì(€€€€€•¹Íå¹Œè€Ä¸À¸Àµ‰•Ñ„¸È(€€€€€©Í½¸Ôè€È¸È¸Ì(€€€€€Í•µÙ•Èè€Ø¸Ì¸Ä(€€€ÑÉ…¹Í¥Ñ¥Ù•A••É•Á•¹‘•¹¥•Ìè(€€€€€€´ÍÕÁÁ½ÉÑÌµ½±½È((€€‰…‰•°½•¹•É…Ñ½É Ü¸Èä¸Üœè(€€€‘•Á•¹‘•¹¥•Ìè(€€€€€€‰…‰•°½Á…ÉÍ•Èœè€Ü¸Èä¸Ü(€€€€€€‰…‰•°½ÑåÁ•Ìœè€Ü¸Èä¸Ü(€€€€€€©É¥‘•İ•±°½•¸µµ…ÁÁ¥¹œœè€À¸Ì¸ÄÌ(€€€€€€©É¥‘•İ•±°½ÑÉ…”µµ…ÁÁ¥¹œœè€À¸Ì¸ÌÄ(€€€€€©Í•ÍŒè€Ì¸Ä¸À((€€‰…‰•°½¡•±Á•Èµ½µÁ¥±…Ñ¥½¸µÑ…É•ÑÍ Ü¸Èä¸Üœè(€€€‘•Á•¹‘•¹¥•Ìè(€€€€€€‰…‰•°½½µÁ…Ğµ‘…Ñ„œè€Ü¸Èä¸Ü(€€€€€€‰…‰•°½¡•±Á•ÈµÙ…±¥‘…Ñ½Èµ½ÁÑ¥½¸œè€Ü¸Èä¸Ü(€€€€€‰É½İÍ•ÉÍ±¥ÍĞè€Ğ¸Èà¸Ü(€€€€€±ÉÔµ…¡”è€Ô¸Ä¸Ä(€€€€€Í•µÙ•Èè€Ø¸Ì¸Ä((€€‰…‰•°½¡•±Á•Èµ±½‰…±Í Ü¸Èä¸Üœèíô((€€‰…‰•°½¡•±Á•Èµµ½‘Õ±”µ¥µÁ½ÉÑÍ Ü¸Èä¸Üœè(€€€‘•Á•¹‘•¹¥•Ìè(€€€€€€‰…‰•°½ÑÉ…Ù•ÉÍ”œè€Ü¸Èä¸Ü(€€€€€€‰…‰•°½ÑåÁ•Ìœè€Ü¸Èä¸Ü(€€€ÑÉ…¹Í¥Ñ¥Ù•A••É•Á•¹‘•¹¥•Ìè(€€€€€€´ÍÕÁÁ½ÉÑÌµ½±½È((€€‰…‰•°½¡•±Á•Èµµ½‘Õ±”µÑÉ…¹Í™½ÉµÍ Ü¸Èä¸Ü¡‰…‰•°½½É• Ü¸Èä¸Ü¤œè(€€€‘•Á•¹‘•¹¥•Ìè(€€€€€€‰…‰•°½½É”œè€Ü¸Èä¸Ü(€€€€€€‰…‰•°½¡•±Á•Èµµ½‘Õ±”µ¥µÁ½ÉÑÌœè€Ü¸Èä¸Ü(€€€€€€‰…‰•°½¡•±Á•ÈµÙ…±¥‘…Ñ½Èµ¥‘•¹Ñ¥™¥•Èœè€Ü¸Èä¸Ü(€€€€€€‰…‰•°½ÑÉ…Ù•ÉÍ”œè€Ü¸Èä¸Ü(€€€ÑÉ…¹Í¥Ñ¥Ù•A••É•Á•¹‘•¹¥•Ìè(€€€€€€´ÍÕÁÁ½ÉÑÌµ½±½È((€€‰…‰•°½¡•±Á•ÈµÁ±Õ¥¸µÕÑ¥±Í Ü¸Èä¸Üœèíô((€€‰…‰•°½¡•±Á•ÈµÍÑÉ¥¹œµÁ…ÉÍ•É Ü¸Èä¸Üœèíô((€€‰…‰•°½¡•±Á•ÈµÙ…±¥‘…Ñ½Èµ¥‘•¹Ñ¥™¥•É Ü¸Èä¸Üœèíô((€€‰…‰•°½¡•±Á•ÈµÙ…±¥‘…Ñ½Èµ½ÁÑ¥½¹ Ü¸Èä¸Üœèíô((€€‰…‰•°½¡•±Á•ÉÍ Ü¸Èä¸Üœè(€€€‘•Á•¹‘•¹¥•Ìè(€€€€€€‰…‰•°½Ñ•µÁ±…Ñ”œè€Ü¸Èä¸Ü(€€€€€€‰…‰•°½ÑåÁ•Ìœè€Ü¸Èä¸Ü((€€‰…‰•°½Á…ÉÍ•É Ü¸Èä¸Üœè(€€€‘•Á•¹‘•¹¥•Ìè(€€€€€€‰…‰•°½ÑåÁ•Ìœè€Ü¸Èä¸Ü((€€‰…‰•°½Á±Õ¥¸µÑÉ…¹Í™½É´µÉ•…Ğµ©ÍàµÍ•±™ Ü¸Èä¸Ü¡‰…‰•°½½É• Ü¸Èä¸Ü¤œè(€€€‘•Á•¹‘•¹¥•Ìè(€€€€€€‰…‰•°½½É”œè€Ü¸Èä¸Ü(€€€€€€‰…‰•°½¡•±Á•ÈµÁ±Õ¥¸µÕÑ¥±Ìœè€Ü¸Èä¸Ü((€€‰…‰•°½Á±Õ¥¸µÑÉ…¹Í™½É´µÉ•…Ğµ©ÍàµÍ½ÕÉ• Ü¸Èä¸Ü¡‰…‰•°½½É• Ü¸Èä¸Ü¤œè(€€€‘•Á•¹‘•¹¥•Ìè(€€€€€€‰…‰•°½½É”œè€Ü¸Èä¸Ü(€€€€€€‰…‰•°½¡•±Á•ÈµÁ±Õ¥¸µÕÑ¥±Ìœè€Ü¸Èä¸Ü((€€‰…‰•°½Ñ•µÁ±…Ñ• Ü¸Èä¸Üœè(€€€‘•Á•¹‘•¹¥•Ìè(€€€€€€‰…‰•°½½‘”µ™É…µ”œè€Ü¸Èä¸Ü(€€€€€€‰…‰•°½Á…ÉÍ•Èœè€Ü¸Èä¸Ü(€€€€€€‰…‰•°½ÑåÁ•Ìœè€Ü¸Èä¸Ü((€€‰…‰•°½ÑÉ…Ù•ÉÍ• Ü¸Èä¸Üœè(€€€‘•Á•¹‘•¹¥•Ìè(€€€€€€‰…‰•°½½‘”µ™É…µ”œè€Ü¸Èä¸Ü(€€€€€€‰…‰•°½•¹•É…Ñ½Èœè€Ü¸Èä¸Ü(€€€€€€‰…‰•°½¡•±Á•Èµ±½‰…±Ìœè€Ü¸Èä¸Ü(€€€€€€‰…‰•°½Á…ÉÍ•Èœè€Ü¸Èä¸Ü(€€€€€€‰…‰•°½Ñ•µÁ±…Ñ”œè€Ü¸Èä¸Ü(€€€€€€‰…‰•°½ÑåÁ•Ìœè€Ü¸Èä¸Ü(€€€€€‘•‰Õœè€Ğ¸Ğ¸Ì(€€€ÑÉ…¹Í¥Ñ¥Ù•A••É•Á•¹‘•¹¥•Ìè(€€€€€€´ÍÕÁÁ½ÉÑÌµ½±½È((€€‰…‰•°½ÑåÁ•Í Ü¸Èä¸Üœè(€€€‘•Á•¹‘•¹¥•Ìè(€€€€€€‰…‰•°½¡•±Á•ÈµÍÑÉ¥¹œµÁ…ÉÍ•Èœè€Ü¸Èä¸Ü(€€€€€€‰…‰•°½¡•±Á•ÈµÙ…±¥‘…Ñ½Èµ¥‘•¹Ñ¥™¥•Èœè€Ü¸Èä¸Ü((€€•Í‰Õ¥±½…¥àµÁÁŒØÑ À¸Èà¸Äœè(€€€½ÁÑ¥½¹…°èÑÉÕ”((€€•Í‰Õ¥±½…¹‘É½¥µ…É´ØÑ À¸Èà¸Äœè(€€€½ÁÑ¥½¹…°èÑÉÕ”((€€•Í‰Õ¥±½…¹‘É½¥µ…Éµ À¸Èà¸Äœè(€€€½ÁÑ¥½¹…°èÑÉÕ”((€€•Í‰Õ¥±½…¹‘É½¥µàØÑ À¸Èà¸Äœè(€€€½ÁÑ¥½¹…°èÑÉÕ”((€€•Í‰Õ¥±½‘…Éİ¥¸µ…É´ØÑ À¸Èà¸Äœè(€€€½ÁÑ¥½¹…°èÑÉÕ”((€€•Í‰Õ¥±½‘…Éİ¥¸µàØÑ À¸Èà¸Äœè(€€€½ÁÑ¥½¹…°èÑÉÕ”((€€•Í‰Õ¥±½™É••‰Íµ…É´ØÑ À¸Èà¸Äœè(€€€½ÁÑ¥½¹…°èÑÉÕ”((€€•Í‰Õ¥±½™É••‰ÍµàØÑ À¸Èà¸Äœè(€€€½ÁÑ¥½¹…°èÑÉÕ”((€€•Í‰Õ¥±½±¥¹Õàµ…É´ØÑ À¸Èà¸Äœè(€€€½ÁÑ¥½¹…°èÑÉÕ”((€€•Í‰Õ¥±½±¥¹Õàµ…Éµ À¸Èà¸Äœè(€€€½ÁÑ¥½¹…°èÑÉÕ”((€€•Í‰Õ¥±½±¥¹Õàµ¥„ÌÉ À¸Èà¸Äœè(€€€½ÁÑ¥½¹…°èÑÉÕ”((€€•Í‰Õ¥±½±¥¹Õàµ±½½¹œØÑ À¸Èà¸Äœè(€€€½ÁÑ¥½¹…°èÑÉÕ”((€€•Í‰Õ¥±½±¥¹Õàµµ¥ÁÌØÑ•± À¸Èà¸Äœè(€€€½ÁÑ¥½¹…°èÑÉÕ”((€€•Í‰Õ¥±½±¥¹ÕàµÁÁŒØÑ À¸Èà¸Äœè(€€€½ÁÑ¥½¹…°èÑÉÕ”((€€•Í‰Õ¥±½±¥¹ÕàµÉ¥ÍØØÑ À¸Èà¸Äœè(€€€½ÁÑ¥½¹…°èÑÉÕ”((€€•Í‰Õ¥±½±¥¹ÕàµÌÌäÁá À¸Èà¸Äœè(€€€½ÁÑ¥½¹…°èÑÉÕ”((€€•Í‰Õ¥±½±¥¹ÕàµàØÑ À¸Èà¸Äœè(€€€½ÁÑ¥½¹…°èÑÉÕ”((€€•Í‰Õ¥±½¹•Ñ‰Íµ…É´ØÑ À¸Èà¸Äœè(€€€½ÁÑ¥½¹…°èÑÉÕ”((€€•Í‰Õ¥±½¹•Ñ‰ÍµàØÑ À¸Èà¸Äœè(€€€½ÁÑ¥½¹…°èÑÉÕ”((€€•Í‰Õ¥±½½Á•¹‰Íµ…É´ØÑ À¸Èà¸Äœè(€€€½ÁÑ¥½¹…°èÑÉÕ”((€€•Í‰Õ¥±½½Á•¹‰ÍµàØÑ À¸Èà¸Äœè(€€€½ÁÑ¥½¹…°èÑÉÕ”((€€•Í‰Õ¥±½½Á•¹¡…Éµ½¹äµ…É´ØÑ À¸Èà¸Äœè(€€€½ÁÑ¥½¹…°èÑÉÕ”((€€•Í‰Õ¥±½ÍÕ¹½ÌµàØÑ À¸Èà¸Äœè(€€€½ÁÑ¥½¹…°èÑÉÕ”((€€•Í‰Õ¥±½İ¥¸ÌÈµ…É´ØÑ À¸Èà¸Äœè(€€€½ÁÑ¥½¹…°èÑÉÕ”((€€•Í‰Õ¥±½İ¥¸ÌÈµ¥„ÌÉ À¸Èà¸Äœè(€€€½ÁÑ¥½¹…°èÑÉÕ”((€€•Í‰Õ¥±½İ¥¸ÌÈµàØÑ À¸Èà¸Äœè(€€€½ÁÑ¥½¹…°èÑÉÕ”((€€™½¹ÑÍ½ÕÉ”µÙ…É¥…‰±”½¥‰´µÁ±•àµÍ…¹Í Ô¸Ì¸Àœèíô((€€™½¹ÑÍ½ÕÉ”½¥‰´µÁ±•àµµ½¹½ Ô¸Ì¸Àœèíô((€€©É¥‘•İ•±°½•¸µµ…ÁÁ¥¹ À¸Ì¸ÄÌœè(€€€‘•Á•¹‘•¹¥•Ìè(€€€€€€©É¥‘•İ•±°½Í½ÕÉ•µ…Àµ½‘•Œœè€Ä¸Ô¸Ô(€€€€€€©É¥‘•İ•±°½ÑÉ…”µµ…ÁÁ¥¹œœè€À¸Ì¸ÌÄ((€€©É¥‘•İ•±°½É•µ…ÁÁ¥¹ È¸Ì¸Ôœè(€€€‘•Á•¹‘•¹¥•Ìè(€€€€€€©É¥‘•İ•±°½•¸µµ…ÁÁ¥¹œœè€À¸Ì¸ÄÌ(€€€€€€©É¥‘•İ•±°½ÑÉ…”µµ…ÁÁ¥¹œœè€À¸Ì¸ÌÄ((€€©É¥‘•İ•±°½É•Í½±Ù”µÕÉ¥ Ì¸Ä¸Èœèíô((€€©É¥‘•İ•±°½Í½ÕÉ•µ…Àµ½‘• Ä¸Ô¸Ôœèíô((€€©É¥‘•İ•±°½ÑÉ…”µµ…ÁÁ¥¹ À¸Ì¸ÌÄœè(€€€‘•Á•¹‘•¹¥•Ìè(€€€€€€©É¥‘•İ•±°½É•Í½±Ù”µÕÉ¤œè€Ì¸Ä¸È(€€€€€€©É¥‘•İ•±°½Í½ÕÉ•µ…Àµ½‘•Œœè€Ä¸Ô¸Ô((€€É½±±‘½İ¸½Á±Õ¥¹ÕÑ¥±Í Ä¸À¸Àµ‰•Ñ„¸ÈÜœèíô((€€É½±±ÕÀ½É½±±ÕÀµ…¹‘É½¥µ…É´µ•…‰¥ Ğ¸ØÈ¸Èœè(€€€½ÁÑ¥½¹…°èÑÉÕ”((€€É½±±ÕÀ½É½±±ÕÀµ…¹‘É½¥µ…É´ØÑ Ğ¸ØÈ¸Èœè(€€€½ÁÑ¥½¹…°èÑÉÕ”((€€É½±±ÕÀ½É½±±ÕÀµ‘…Éİ¥¸µ…É´ØÑ Ğ¸ØÈ¸Èœè(€€€½ÁÑ¥½¹…°èÑÉÕ”((€€É½±±ÕÀ½É½±±ÕÀµ‘…Éİ¥¸µàØÑ Ğ¸ØÈ¸Èœè(€€€½ÁÑ¥½¹…°èÑÉÕ”((€€É½±±ÕÀ½É½±±ÕÀµ™É••‰Íµ…É´ØÑ Ğ¸ØÈ¸Èœè(€€€½ÁÑ¥½¹…°èÑÉÕ”((€€É½±±ÕÀ½É½±±ÕÀµ™É••‰ÍµàØÑ Ğ¸ØÈ¸Èœè(€€€½ÁÑ¥½¹…°èÑÉÕ”((€€É½±±ÕÀ½É½±±ÕÀµ±¥¹Õàµ…É´µ¹Õ•…‰¥¡™ Ğ¸ØÈ¸Èœè(€€€½ÁÑ¥½¹…°èÑÉÕ”((€€É½±±ÕÀ½É½±±ÕÀµ±¥¹Õàµ…É´µµÕÍ±•…‰¥¡™ Ğ¸ØÈ¸Èœè(€€€½ÁÑ¥½¹…°èÑÉÕ”((€€É½±±ÕÀ½É½±±ÕÀµ±¥¹Õàµ…É´ØĞµ¹Õ Ğ¸ØÈ¸Èœè(€€€½ÁÑ¥½¹…°èÑÉÕ”((€€É½±±ÕÀ½É½±±ÕÀµ±¥¹Õàµ…É´ØĞµµÕÍ± Ğ¸ØÈ¸Èœè(€€€½ÁÑ¥½¹…°èÑÉÕ”((€€É½±±ÕÀ½É½±±ÕÀµ±¥¹Õàµ±½½¹œØĞµ¹Õ Ğ¸ØÈ¸Èœè(€€€½ÁÑ¥½¹…°èÑÉÕ”((€€É½±±ÕÀ½É½±±ÕÀµ±¥¹Õàµ±½½¹œØĞµµÕÍ± Ğ¸ØÈ¸Èœè(€€€½ÁÑ¥½¹…°èÑÉÕ”((€€É½±±ÕÀ½É½±±ÕÀµ±¥¹ÕàµÁÁŒØĞµ¹Õ Ğ¸ØÈ¸Èœè(€€€½ÁÑ¥½¹…°èÑÉÕ”((€€É½±±ÕÀ½É½±±ÕÀµ±¥¹ÕàµÁÁŒØĞµµÕÍ± Ğ¸ØÈ¸Èœè(€€€½ÁÑ¥½¹…°èÑÉÕ”((€€É½±±ÕÀ½É½±±ÕÀµ±¥¹ÕàµÉ¥ÍØØĞµ¹Õ Ğ¸ØÈ¸Èœè(€€€½ÁÑ¥½¹…°èÑÉÕ”((€€É½±±ÕÀ½É½±±ÕÀµ±¥¹ÕàµÉ¥ÍØØĞµµÕÍ± Ğ¸ØÈ¸Èœè(€€€½ÁÑ¥½¹…°èÑÉÕ”((€€É½±±ÕÀ½É½±±ÕÀµ±¥¹ÕàµÌÌäÁàµ¹Õ Ğ¸ØÈ¸Èœè(€€€½ÁÑ¥½¹…°èÑÉÕ”((€€É½±±ÕÀ½É½±±ÕÀµ±¥¹ÕàµàØĞµ¹Õ Ğ¸ØÈ¸Èœè(€€€½ÁÑ¥½¹…°èÑÉÕ”((€€É½±±ÕÀ½É½±±ÕÀµ±¥¹ÕàµàØĞµµÕÍ± Ğ¸ØÈ¸Èœè(€€€½ÁÑ¥½¹…°èÑÉÕ”((€€É½±±ÕÀ½É½±±ÕÀµ½Á•¹‰ÍµàØÑ Ğ¸ØÈ¸Èœè(€€€½ÁÑ¥½¹…°èÑÉÕ”((€€É½±±ÕÀ½É½±±ÕÀµ½Á•¹¡…Éµ½¹äµ…É´ØÑ Ğ¸ØÈ¸Èœè(€€€½ÁÑ¥½¹…°èÑÉÕ”((€€É½±±ÕÀ½É½±±ÕÀµİ¥¸ÌÈµ…É´ØĞµµÍÙ Ğ¸ØÈ¸Èœè(€€€½ÁÑ¥½¹…°èÑÉÕ”((€€É½±±ÕÀ½É½±±ÕÀµİ¥¸ÌÈµ¥„ÌÈµµÍÙ Ğ¸ØÈ¸Èœè(€€€½ÁÑ¥½¹…°èÑÉÕ”((€€É½±±ÕÀ½É½±±ÕÀµİ¥¸ÌÈµàØĞµ¹Õ Ğ¸ØÈ¸Èœè(€€€½ÁÑ¥½¹…°èÑÉÕ”((€€É½±±ÕÀ½É½±±ÕÀµİ¥¸ÌÈµàØĞµµÍÙ Ğ¸ØÈ¸Èœè(€€€½ÁÑ¥½¹…°èÑÉÕ”((€€ÑåÁ•Ì½‰…‰•±}}½É• Ü¸ÈÀ¸Ôœè(€€€‘•Á•¹‘•¹¥•Ìè(€€€€€€‰…‰•°½Á…ÉÍ•Èœè€Ü¸Èä¸Ü(€€€€€€‰…‰•°½ÑåÁ•Ìœè€Ü¸Èä¸Ü(€€€€€€ÑåÁ•Ì½‰…‰•±}}•¹•É…Ñ½Èœè€Ü¸ÈÜ¸À(€€€€€€ÑåÁ•Ì½‰…‰•±}}Ñ•µÁ±…Ñ”œè€Ü¸Ğ¸Ğ(€€€€€€ÑåÁ•Ì½‰…‰•±}}ÑÉ…Ù•ÉÍ”œè€Ü¸Èà¸À((€€ÑåÁ•Ì½‰…‰•±}}•¹•É…Ñ½É Ü¸ÈÜ¸Àœè(€€€‘•Á•¹‘•¹¥•Ìè(€€€€€€‰…‰•°½ÑåÁ•Ìœè€Ü¸Èä¸Ü((€€ÑåÁ•Ì½‰…‰•±}}Ñ•µÁ±…Ñ• Ü¸Ğ¸Ğœè(€€€‘•Á•¹‘•¹¥•Ìè(€€€€€€‰…‰•°½Á…ÉÍ•Èœè€Ü¸Èä¸Ü(€€€€€€‰…‰•°½ÑåÁ•Ìœè€Ü¸Èä¸Ü((€€ÑåÁ•Ì½‰…‰•±}}ÑÉ…Ù•ÉÍ• Ü¸Èà¸Àœè(€€€‘•Á•¹‘•¹¥•Ìè(€€€€€€‰…‰•°½ÑåÁ•Ìœè€Ü¸Èä¸Ü((€€ÑåÁ•Ì½•ÍÑÉ•• Ä¸À¸äœèíô((€€ÑåÁ•Ì½É•…Ğµ‘½µ Ää¸È¸Ì¡ÑåÁ•Ì½É•…Ñ Ää¸È¸ÄÜ¤œè(€€€‘•Á•¹‘•¹¥•Ìè(€€€€€€ÑåÁ•Ì½É•…Ğœè€Ää¸È¸ÄÜ((€€ÑåÁ•Ì½É•…Ñ Ää¸È¸ÄÜœè(€€€‘•Á•¹‘•¹¥•Ìè(€€€€€ÍÍÑåÁ”è€Ì¸È¸Ì((€€Ù¥Ñ•©Ì½Á±Õ¥¸µÉ•…Ñ Ğ¸Ü¸À¡Ù¥Ñ• Ü¸Ì¸Ø¤œè(€€€‘•Á•¹‘•¹¥•Ìè(€€€€€€‰…‰•°½½É”œè€Ü¸Èä¸Ü(€€€€€€‰…‰•°½Á±Õ¥¸µÑÉ…¹Í™½É´µÉ•…Ğµ©ÍàµÍ•±˜œè€Ü¸Èä¸Ü¡‰…‰•°½½É• Ü¸Èä¸Ü¤(€€€€€€‰…‰•°½Á±Õ¥¸µÑÉ…¹Í™½É´µÉ•…Ğµ©ÍàµÍ½ÕÉ”œè€Ü¸Èä¸Ü¡‰…‰•°½½É• Ü¸Èä¸Ü¤(€€€€€€É½±±‘½İ¸½Á±Õ¥¹ÕÑ¥±Ìœè€Ä¸À¸Àµ‰•Ñ„¸ÈÜ(€€€€€€ÑåÁ•Ì½‰…‰•±}}½É”œè€Ü¸ÈÀ¸Ô(€€€€€É•…ĞµÉ•™É•Í è€À¸ÄÜ¸À(€€€€€Ù¥Ñ”è€Ü¸Ì¸Ø(€€€ÑÉ…¹Í¥Ñ¥Ù•A••É•Á•¹‘•¹¥•Ìè(€€€€€€´ÍÕÁÁ½ÉÑÌµ½±½È((€‰…Í•±¥¹”µ‰É½İÍ•Èµµ…ÁÁ¥¹ È¸ÄÄ¸Àèíô((€‰É½İÍ•ÉÍ±¥ÍÑ Ğ¸Èà¸Üè(€€€‘•Á•¹‘•¹¥•Ìè(€€€€€‰…Í•±¥¹”µ‰É½İÍ•Èµµ…ÁÁ¥¹œè€È¸ÄÄ¸À(€€€€€…¹¥ÕÍ”µ±¥Ñ”è€Ä¸À¸ÌÀÀÀÄàÀØ(€€€€€•±•ÑÉ½¸µÑ¼µ¡É½µ¥Õ´è€Ä¸Ô¸ÌäÔ(€€€€€¹½‘”µÉ•±•…Í•Ìè€È¸À¸ÔÄ(€€€€€ÕÁ‘…Ñ”µ‰É½İÍ•ÉÍ±¥ÍĞµ‘ˆè€Ä¸È¸Ì¡‰É½İÍ•ÉÍ±¥ÍÑ Ğ¸Èà¸Ü¤((€…¹¥ÕÍ”µ±¥Ñ• Ä¸À¸ÌÀÀÀÄàÀØèíô((€½¹Ù•ÉĞµÍ½ÕÉ”µµ…Á È¸À¸Àèíô((€ÍÍÑåÁ• Ì¸È¸Ìèíô((€‘•‰Õ Ğ¸Ğ¸Ìè(€€€‘•Á•¹‘•¹¥•Ìè(€€€€€µÌè€È¸Ä¸Ì((€•±•ÑÉ½¸µÑ¼µ¡É½µ¥Õµ Ä¸Ô¸ÌäÔèíô((€•Í‰Õ¥±‘ À¸Èà¸Äè(€€€½ÁÑ¥½¹…±•Á•¹‘•¹¥•Ìè(€€€€€€•Í‰Õ¥±½…¥àµÁÁŒØĞœè€À¸Èà¸Ä(€€€€€€•Í‰Õ¥±½…¹‘É½¥µ…É´œè€À¸Èà¸Ä(€€€€€€•Í‰Õ¥±½…¹‘É½¥µ…É´ØĞœè€À¸Èà¸Ä(€€€€€€•Í‰Õ¥±½…¹‘É½¥µàØĞœè€À¸Èà¸Ä(€€€€€€•Í‰Õ¥±½‘…Éİ¥¸µ…É´ØĞœè€À¸Èà¸Ä(€€€€€€•Í‰Õ¥±½‘…Éİ¥¸µàØĞœè€À¸Èà¸Ä(€€€€€€•Í‰Õ¥±½™É••‰Íµ…É´ØĞœè€À¸Èà¸Ä(€€€€€€•Í‰Õ¥±½™É••‰ÍµàØĞœè€À¸Èà¸Ä(€€€€€€•Í‰Õ¥±½±¥¹Õàµ…É´œè€À¸Èà¸Ä(€€€€€€•Í‰Õ¥±½±¥¹Õàµ…É´ØĞœè€À¸Èà¸Ä(€€€€€€•Í‰Õ¥±½±¥¹Õàµ¥„ÌÈœè€À¸Èà¸Ä(€€€€€€•Í‰Õ¥±½±¥¹Õàµ±½½¹œØĞœè€À¸Èà¸Ä(€€€€€€•Í‰Õ¥±½±¥¹Õàµµ¥ÁÌØÑ•°œè€À¸Èà¸Ä(€€€€€€•Í‰Õ¥±½±¥¹ÕàµÁÁŒØĞœè€À¸Èà¸Ä(€€€€€€•Í‰Õ¥±½±¥¹ÕàµÉ¥ÍØØĞœè€À¸Èà¸Ä(€€€€€€•Í‰Õ¥±½±¥¹ÕàµÌÌäÁàœè€À¸Èà¸Ä(€€€€€€•Í‰Õ¥±½±¥¹ÕàµàØĞœè€À¸Èà¸Ä(€€€€€€•Í‰Õ¥±½¹•Ñ‰Íµ…É´ØĞœè€À¸Èà¸Ä(€€€€€€•Í‰Õ¥±½¹•Ñ‰ÍµàØĞœè€À¸Èà¸Ä(€€€€€€•Í‰Õ¥±½½Á•¹‰Íµ…É´ØĞœè€À¸Èà¸Ä(€€€€€€•Í‰Õ¥±½½Á•¹‰ÍµàØĞœè€À¸Èà¸Ä(€€€€€€•Í‰Õ¥±½½Á•¹¡…Éµ½¹äµ…É´ØĞœè€À¸Èà¸Ä(€€€€€€•Í‰Õ¥±½ÍÕ¹½ÌµàØĞœè€À¸Èà¸Ä(€€€€€€•Í‰Õ¥±½İ¥¸ÌÈµ…É´ØĞœè€À¸Èà¸Ä(€€€€€€•Í‰Õ¥±½İ¥¸ÌÈµ¥„ÌÈœè€À¸Èà¸Ä(€€€€€€•Í‰Õ¥±½İ¥¸ÌÈµàØĞœè€À¸Èà¸Ä((€•Í…±…‘• Ì¸È¸Àèíô((€™‘¥É Ø¸Ô¸À¡Á¥½µ…Ñ¡ Ğ¸À¸Ô¤è(€€€½ÁÑ¥½¹…±•Á•¹‘•¹¥•Ìè(€€€€€Á¥½µ…Ñ è€Ğ¸À¸Ô((€™Í•Ù•¹ÑÍ È¸Ì¸Ìè(€€€½ÁÑ¥½¹…°èÑÉÕ”((€•¹Íå¹ Ä¸À¸Àµ‰•Ñ„¸Èèíô((€©ÌµÑ½­•¹Í Ğ¸À¸Àèíô((€©Í•Í Ì¸Ä¸Àèíô((€©Í½¸Õ È¸È¸Ìèíô((€±ÉÔµ…¡• Ô¸Ä¸Äè(€€€‘•Á•¹‘•¹¥•Ìè(€€€€€å…±±¥ÍĞè€Ì¸Ä¸Ä((€±Õ¥‘”µÉ•…Ñ À¸ĞØà¸À¡É•…Ñ Ää¸È¸à¤è(€€€‘•Á•¹‘•¹¥•Ìè(€€€€€É•…Ğè€Ää¸È¸à((€µÍ È¸Ä¸Ìèíô((€¹…¹½¥‘ Ì¸Ì¸ÄØèíô((€¹½‘”µÉ•±•…Í•Í È¸À¸ÔÄèíô((€Á¥½½±½ÉÍ Ä¸Ä¸Äèíô((€Á¥½µ…Ñ¡ Ğ¸À¸Ôèíô((€Á½ÍÑÍÍ à¸Ô¸ÈÈè(€€€‘•Á•¹‘•¹¥•Ìè(€€€€€¹…¹½¥è€Ì¸Ì¸ÄØ(€€€€€Á¥½½±½ÉÌè€Ä¸Ä¸Ä(€€€€€Í½ÕÉ”µµ…Àµ©Ìè€Ä¸È¸Ä((€É•…Ğµ‘½µ Ää¸È¸à¡É•…Ñ Ää¸È¸à¤è(€€€‘•Á•¹‘•¹¥•Ìè(€€€€€É•…Ğè€Ää¸È¸à(€€€€€Í¡•‘Õ±•Èè€À¸ÈÜ¸À((€É•…ĞµÉ•™É•Í¡ À¸ÄÜ¸Àèíô((€É•…Ñ Ää¸È¸àèíô((€É½±±ÕÁ Ğ¸ØÈ¸Èè(€€€‘•Á•¹‘•¹¥•Ìè(€€€€€€ÑåÁ•Ì½•ÍÑÉ•”œè€Ä¸À¸ä(€€€½ÁÑ¥½¹…±•Á•¹‘•¹¥•Ìè(€€€€€€É½±±ÕÀ½É½±±ÕÀµ…¹‘É½¥µ…É´µ•…‰¤œè€Ğ¸ØÈ¸È(€€€€€€É½±±ÕÀ½É½±±ÕÀµ…¹‘É½¥µ…É´ØĞœè€Ğ¸ØÈ¸È(€€€€€€É½±±ÕÀ½É½±±ÕÀµ‘…Éİ¥¸µ…É´ØĞœè€Ğ¸ØÈ¸È(€€€€€€É½±±ÕÀ½É½±±ÕÀµ‘…Éİ¥¸µàØĞœè€Ğ¸ØÈ¸È(€€€€€€É½±±ÕÀ½É½±±ÕÀµ™É••‰Íµ…É´ØĞœè€Ğ¸ØÈ¸È(€€€€€€É½±±ÕÀ½É½±±ÕÀµ™É••‰ÍµàØĞœè€Ğ¸ØÈ¸È(€€€€€€É½±±ÕÀ½É½±±ÕÀµ±¥¹Õàµ…É´µ¹Õ•…‰¥¡˜œè€Ğ¸ØÈ¸È(€€€€€€É½±±ÕÀ½É½±±ÕÀµ±¥¹Õàµ…É´µµÕÍ±•…‰¥¡˜œè€Ğ¸ØÈ¸È(€€€€€€É½±±ÕÀ½É½±±ÕÀµ±¥¹Õàµ…É´ØĞµ¹Ôœè€Ğ¸ØÈ¸È(€€€€€€É½±±ÕÀ½É½±±ÕÀµ±¥¹Õàµ…É´ØĞµµÕÍ°œè€Ğ¸ØÈ¸È(€€€€€€É½±±ÕÀ½É½±±ÕÀµ±¥¹Õàµ±½½¹œØĞµ¹Ôœè€Ğ¸ØÈ¸È(€€€€€€É½±±ÕÀ½É½±±ÕÀµ±¥¹Õàµ±½½¹œØĞµµÕÍ°œè€Ğ¸ØÈ¸È(€€€€€€É½±±ÕÀ½É½±±ÕÀµ±¥¹ÕàµÁÁŒØĞµ¹Ôœè€Ğ¸ØÈ¸È(€€€€€€É½±±ÕÀ½É½±±ÕÀµ±¥¹ÕàµÁÁŒØĞµµÕÍ°œè€Ğ¸ØÈ¸È(€€€€€€É½±±ÕÀ½É½±±ÕÀµ±¥¹ÕàµÉ¥ÍØØĞµ¹Ôœè€Ğ¸ØÈ¸È(€€€€€€É½±±ÕÀ½É½±±ÕÀµ±¥¹ÕàµÉ¥ÍØØĞµµÕÍ°œè€Ğ¸ØÈ¸È(€€€€€€É½±±ÕÀ½É½±±ÕÀµ±¥¹ÕàµÌÌäÁàµ¹Ôœè€Ğ¸ØÈ¸È(€€€€€€É½±±ÕÀ½É½±±ÕÀµ±¥¹ÕàµàØĞµ¹Ôœè€Ğ¸ØÈ¸È(€€€€€€É½±±ÕÀ½É½±±ÕÀµ±¥¹ÕàµàØĞµµÕÍ°œè€Ğ¸ØÈ¸È(€€€€€€É½±±ÕÀ½É½±±ÕÀµ½Á•¹‰ÍµàØĞœè€Ğ¸ØÈ¸È(€€€€€€É½±±ÕÀ½É½±±ÕÀµ½Á•¹¡…Éµ½¹äµ…É´ØĞœè€Ğ¸ØÈ¸È(€€€€€€É½±±ÕÀ½É½±±ÕÀµİ¥¸ÌÈµ…É´ØĞµµÍÙŒœè€Ğ¸ØÈ¸È(€€€€€€É½±±ÕÀ½É½±±ÕÀµİ¥¸ÌÈµ¥„ÌÈµµÍÙŒœè€Ğ¸ØÈ¸È(€€€€€€É½±±ÕÀ½É½±±ÕÀµİ¥¸ÌÈµàØĞµ¹Ôœè€Ğ¸ØÈ¸È(€€€€€€É½±±ÕÀ½É½±±ÕÀµİ¥¸ÌÈµàØĞµµÍÙŒœè€Ğ¸ØÈ¸È(€€€€€™Í•Ù•¹ÑÌè€È¸Ì¸Ì((€Í¡•‘Õ±•É À¸ÈÜ¸Àèíô((€Í•µÙ•É Ø¸Ì¸Äèíô((€Í½ÕÉ”µµ…Àµ©Í Ä¸È¸Äèíô((€Ñ¥¹å±½‰‰å À¸È¸ÄÜè(€€€‘•Á•¹‘•¹¥•Ìè(€€€€€™‘¥Èè€Ø¸Ô¸À¡Á¥½µ…Ñ¡ Ğ¸À¸Ô¤(€€€€€Á¥½µ…Ñ è€Ğ¸À¸Ô((€ÑåÁ•ÍÉ¥ÁÑ Ô¸ä¸Ìèíô((€ÕÁ‘…Ñ”µ‰É½İÍ•ÉÍ±¥ÍĞµ‘‰ Ä¸È¸Ì¡‰É½İÍ•ÉÍ±¥ÍÑ Ğ¸Èà¸Ü¤è(€€€‘•Á•¹‘•¹¥•Ìè(€€€€€‰É½İÍ•ÉÍ±¥ÍĞè€Ğ¸Èà¸Ü(€€€€€•Í…±…‘”è€Ì¸È¸À(€€€€€Á¥½½±½ÉÌè€Ä¸Ä¸Ä((€Ù¥Ñ• Ü¸Ì¸Øè(€€€‘•Á•¹‘•¹¥•Ìè(€€€€€•Í‰Õ¥±è€À¸Èà¸Ä(€€€€€™‘¥Èè€Ø¸Ô¸À¡Á¥½µ…Ñ¡ Ğ¸À¸Ô¤(€€€€€Á¥½µ…Ñ è€Ğ¸À¸Ô(€€€€€Á½ÍÑÍÌè€à¸Ô¸ÈÈ(€€€€€É½±±ÕÀè€Ğ¸ØÈ¸È(€€€€€Ñ¥¹å±½‰‰äè€À¸È¸ÄÜ(€€€½ÁÑ¥½¹…±•Á•¹‘•¹¥•Ìè(€€€€€™Í•Ù•¹ÑÌè€È¸Ì¸Ì((€å…±±¥ÍÑ Ì¸Ä¸Äèíô